
Microsoft Visual Studio Solution File, Format Version 12.00
# Visual Studio Version 16
VisualStudioVersion = 16.0.33328.57
MinimumVisualStudioVersion = 10.0.40219.1
Project("{FAE04EC0-301F-11D3-BF4B-00C04F79EFBC}") = "inheritance practical revision exercise", "inheritance practical revision exercise.csproj", "{AFB0D445-BE1E-4BE1-88BB-7AFC9791FAA5}"
EndProject
Global
	GlobalSection(SolutionConfigurationPlatforms) = preSolution
		Debug|Any CPU = Debug|Any CPU
		Release|Any CPU = Release|Any CPU
	EndGlobalSection
	GlobalSection(ProjectConfigurationPlatforms) = postSolution
		{AFB0D445-BE1E-4BE1-88BB-7AFC9791FAA5}.Debug|Any CPU.ActiveCfg = Debug|Any CPU
		{AFB0D445-BE1E-4BE1-88BB-7AFC9791FAA5}.Debug|Any CPU.Build.0 = Debug|Any CPU
		{AFB0D445-BE1E-4BE1-88BB-7AFC9791FAA5}.Release|Any CPU.ActiveCfg = Release|Any CPU
		{AFB0D445-BE1E-4BE1-88BB-7AFC9791FAA5}.Release|Any CPU.Build.0 = Release|Any CPU
	EndGlobalSection
	GlobalSection(SolutionProperties) = preSolution
		HideSolutionNode = FALSE
	EndGlobalSection
	GlobalSection(ExtensibilityGlobals) = postSolution
		SolutionGuid = {E13B7A47-462D-4E6B-878D-37350BFFBEF3}
	EndGlobalSection
EndGlobal
